# This file is automatically @generated by Cargo.
# It is not intended for manual editing.
[[package]]
name = "bitflags"
version = "0.7.0"
source = "registry+https://github.com/rust-lang/crates.io-index"
checksum = "aad18937a628ec6abcd26d1489012cc0e18c21798210f491af69ded9b881106d"

[[package]]
name = "bitflags"
version = "1.2.1"
source = "registry+https://github.com/rust-lang/crates.io-index"
checksum = "cf1de2fe8c75bc145a2f577add951f8134889b4795d47466a54a5c846d691693"

[[package]]
name = "cc"
version = "1.0.58"
source = "registry+https://github.com/rust-lang/crates.io-index"
checksum = "f9a06fb2e53271d7c279ec1efea6ab691c35a2ae67ec0d91d7acec0caf13b518"

[[package]]
name = "cfg-if"
version = "0.1.10"
source = "registry+https://github.com/rust-lang/crates.io-index"
checksum = "4785bdd1c96b2a846b2bd7cc02e86b6b3dbf14e7e53446c4f54c92a361040822"

[[package]]
name = "concrete"
version = "0.1.0"
dependencies = [
 "linux-personality",
 "nix",
]

[[package]]
name = "libc"
version = "0.2.74"
source = "registry+https://github.com/rust-lang/crates.io-index"
checksum = "a2f02823cf78b754822df5f7f268fb59822e7296276d3e069d8e8cb26a14bd10"

[[package]]
name = "linux-personality"
version = "1.0.0"
source = "registry+https://github.com/rust-lang/crates.io-index"
checksum = "33c1a976577555db53f0a98e9b236e1ebff1a0a1793227ed1b88d7b9a03dda93"
dependencies = [
 "bitflags 0.7.0",
 "libc",
]

[[package]]
name = "nix"
version = "0.18.0"
source = "registry+https://github.com/rust-lang/crates.io-index"
checksum = "83450fe6a6142ddd95fb064b746083fc4ef1705fe81f64a64e1d4b39f54a1055"
dependencies = [
 "bitflags 1.2.1",
 "cc",
 "cfg-if",
 "libc",
]
